
Microsoft Visual Studio Solution File, Format Version 12.00
# Visual Studio 2013
VisualStudioVersion = 12.0.30501.0
MinimumVisualStudioVersion = 10.0.40219.1
Project("{2150E333-8FDC-42A3-9474-1A3956D46DE8}") = "Basic", "Basic", "{04A8AB9C-3822-4FAF-AFD0-46456CF366DA}"
EndProject
Project("{D954291E-2A0B-460D-934E-DC6B0785DB48}") = "CaliburnDemo.Shared", "CaliburnDemo\CaliburnDemo.Shared\CaliburnDemo.Shared.shproj", "{58C30D8A-C1C6-4B40-884F-D53EEC498032}"
EndProject
Project("{FAE04EC0-301F-11D3-BF4B-00C04F79EFBC}") = "CaliburnDemo.Windows", "CaliburnDemo\CaliburnDemo.Windows\CaliburnDemo.Windows.csproj", "{021AC54E-3C08-4942-B72A-1F6DAE63AAD4}"
EndProject
Project("{FAE04EC0-301F-11D3-BF4B-00C04F79EFBC}") = "CaliburnDemo.WindowsPhone", "CaliburnDemo\CaliburnDemo.WindowsPhone\CaliburnDemo.WindowsPhone.csproj", "{5E7059FC-5C7E-42F2-BFF0-A014EBE84B95}"
EndProject
Project("{2150E333-8FDC-42A3-9474-1A3956D46DE8}") = "Actions", "Actions", "{B265207E-58AB-47A1-9FB5-8FA0F16C1E1F}"
EndProject
Project("{D954291E-2A0B-460D-934E-DC6B0785DB48}") = "Actions.Shared", "Actions\Actions.Shared\Actions.Shared.shproj", "{791E1D44-5256-4CDA-B63E-BD47346CC29F}"
EndProject
Project("{FAE04EC0-301F-11D3-BF4B-00C04F79EFBC}") = "Actions.Windows", "Actions\Actions.Windows\Actions.Windows.csproj", "{2F3CEE39-4486-42E1-94C0-55BD81D3B128}"
EndProject
Project("{FAE04EC0-301F-11D3-BF4B-00C04F79EFBC}") = "Actions.WindowsPhone", "Actions\Actions.WindowsPhone\Actions.WindowsPhone.csproj", "{78F5C3A9-BABF-4345-8903-B5355D080DFE}"
EndProject
Project("{2150E333-8FDC-42A3-9474-1A3956D46DE8}") = "Navigation", "Navigation", "{B2ED88E7-4BFA-4C73-95F3-A86086D22B9A}"
EndProject
Project("{2150E333-8FDC-42A3-9474-1A3956D46DE8}") = "Navigation", "Navigation", "{AC136AE7-7DC7-44D5-9821-2669941F50C0}"
EndProject
Project("{D954291E-2A0B-460D-934E-DC6B0785DB48}") = "Navigation.Shared", "Navigation\Navigation.Shared\Navigation.Shared.shproj", "{69284F19-E5E0-41B9-A25E-41AB4700E078}"
EndProject
Project("{FAE04EC0-301F-11D3-BF4B-00C04F79EFBC}") = "Navigation.Windows", "Navigation\Navigation.Windows\Navigation.Windows.csproj", "{E583EBCB-1B22-4295-A0D0-36BC0AEF1F7B}"
EndProject
Project("{FAE04EC0-301F-11D3-BF4B-00C04F79EFBC}") = "Navigation.WindowsPhone", "Navigation\Navigation.WindowsPhone\Navigation.WindowsPhone.csproj", "{544393D8-3665-4020-B688-D5A12F5C1E3A}"
EndProject
Project("{2150E333-8FDC-42A3-9474-1A3956D46DE8}") = "Messages", "Messages", "{08311A0A-6599-4A4B-B259-4232F1F2F7E3}"
EndProject
Project("{2150E333-8FDC-42A3-9474-1A3956D46DE8}") = "Messages", "Messages", "{B6A06C24-ABC0-4ED8-9E8E-7A4056F8F38A}"
EndProject
Project("{D954291E-2A0B-460D-934E-DC6B0785DB48}") = "Messages.Shared", "Messages\Messages.Shared\Messages.Shared.shproj", "{B44B45B3-DA1F-471A-A958-2E4D310739DB}"
EndProject
Project("{FAE04EC0-301F-11D3-BF4B-00C04F79EFBC}") = "Messages.Windows", "Messages\Messages.Windows\Messages.Windows.csproj", "{E31C8EAE-71B8-42F7-98B6-5E26A8E8979D}"
EndProject
Project("{FAE04EC0-301F-11D3-BF4B-00C04F79EFBC}") = "Messages.WindowsPhone", "Messages\Messages.WindowsPhone\Messages.WindowsPhone.csproj", "{73724007-1D33-4AD6-8973-9B460F2E77BC}"
EndProject
Project("{2150E333-8FDC-42A3-9474-1A3956D46DE8}") = "DesignData", "DesignData", "{4A5B29D1-DFF8-4B19-A9FE-0F9B2A5D533F}"
EndProject
Project("{2150E333-8FDC-42A3-9474-1A3956D46DE8}") = "DesignData", "DesignData", "{C277E5C2-FE5E-439B-9B02-07C75C77EFC3}"
EndProject
Project("{D954291E-2A0B-460D-934E-DC6B0785DB48}") = "DesignData.Shared", "DesignData\DesignData.Shared\DesignData.Shared.shproj", "{09E6503B-7DA5-413D-ADA4-BFBD63F7ED11}"
EndProject
Project("{FAE04EC0-301F-11D3-BF4B-00C04F79EFBC}") = "DesignData.Windows", "DesignData\DesignData.Windows\DesignData.Windows.csproj", "{69828E60-87B6-47A4-86D2-7DC961689164}"
EndProject
Project("{FAE04EC0-301F-11D3-BF4B-00C04F79EFBC}") = "DesignData.WindowsPhone", "DesignData\DesignData.WindowsPhone\DesignData.WindowsPhone.csproj", "{CD65E057-79CE-4E65-B24E-1409B0813472}"
EndProject
Global
	GlobalSection(SharedMSBuildProjectFiles) = preSolution
		DesignData\DesignData.Shared\DesignData.Shared.projitems*{69828e60-87b6-47a4-86d2-7dc961689164}*SharedItemsImports = 4
		Actions\Actions.Shared\Actions.Shared.projitems*{791e1d44-5256-4cda-b63e-bd47346cc29f}*SharedItemsImports = 13
		DesignData\DesignData.Shared\DesignData.Shared.projitems*{cd65e057-79ce-4e65-b24e-1409b0813472}*SharedItemsImports = 4
		CaliburnDemo\CaliburnDemo.Shared\CaliburnDemo.Shared.projitems*{5e7059fc-5c7e-42f2-bff0-a014ebe84b95}*SharedItemsImports = 4
		Navigation\Navigation.Shared\Navigation.Shared.projitems*{544393d8-3665-4020-b688-d5a12f5c1e3a}*SharedItemsImports = 4
		Navigation\Navigation.Shared\Navigation.Shared.projitems*{e583ebcb-1b22-4295-a0d0-36bc0aef1f7b}*SharedItemsImports = 4
		DesignData\DesignData.Shared\DesignData.Shared.projitems*{09e6503b-7da5-413d-ada4-bfbd63f7ed11}*SharedItemsImports = 13
		Messages\Messages.Shared\Messages.Shared.projitems*{e31c8eae-71b8-42f7-98b6-5e26a8e8979d}*SharedItemsImports = 4
		Navigation\Navigation.Shared\Navigation.Shared.projitems*{69284f19-e5e0-41b9-a25e-41ab4700e078}*SharedItemsImports = 13
		Messages\Messages.Shared\Messages.Shared.projitems*{73724007-1d33-4ad6-8973-9b460f2e77bc}*SharedItemsImports = 4
		CaliburnDemo\CaliburnDemo.Shared\CaliburnDemo.Shared.projitems*{021ac54e-3c08-4942-b72a-1f6dae63aad4}*SharedItemsImports = 4
		Actions\Actions.Shared\Actions.Shared.projitems*{2f3cee39-4486-42e1-94c0-55bd81d3b128}*SharedItemsImports = 4
		Messages\Messages.Shared\Messages.Shared.projitems*{b44b45b3-da1f-471a-a958-2e4d310739db}*SharedItemsImports = 13
		CaliburnDemo\CaliburnDemo.Shared\CaliburnDemo.Shared.projitems*{58c30d8a-c1c6-4b40-884f-d53eec498032}*SharedItemsImports = 13
		Actions\Actions.Shared\Actions.Shared.projitems*{78f5c3a9-babf-4345-8903-b5355d080dfe}*SharedItemsImports = 4
	EndGlobalSection
	GlobalSection(SolutionConfigurationPlatforms) = preSolution
		Debug|Any CPU = Debug|Any CPU
		Debug|ARM = Debug|ARM
		Debug|x64 = Debug|x64
		Debug|x86 = Debug|x86
		Release|Any CPU = Release|Any CPU
		Release|ARM = Release|ARM
		Release|x64 = Release|x64
		Release|x86 = Release|x86
	EndGlobalSection
	GlobalSection(ProjectConfigurationPlatforms) = postSolution
		{021AC54E-3C08-4942-B72A-1F6DAE63AAD4}.Debug|Any CPU.ActiveCfg = Debug|Any CPU
		{021AC54E-3C08-4942-B72A-1F6DAE63AAD4}.Debug|Any CPU.Build.0 = Debug|Any CPU
		{021AC54E-3C08-4942-B72A-1F6DAE63AAD4}.Debug|Any CPU.Deploy.0 = Debug|Any CPU
		{021AC54E-3C08-4942-B72A-1F6DAE63AAD4}.Debug|ARM.ActiveCfg = Debug|ARM
		{021AC54E-3C08-4942-B72A-1F6DAE63AAD4}.Debug|ARM.Build.0 = Debug|ARM
		{021AC54E-3C08-4942-B72A-1F6DAE63AAD4}.Debug|ARM.Deploy.0 = Debug|ARM
		{021AC54E-3C08-4942-B72A-1F6DAE63AAD4}.Debug|x64.ActiveCfg = Debug|x64
		{021AC54E-3C08-4942-B72A-1F6DAE63AAD4}.Debug|x64.Build.0 = Debug|x64
		{021AC54E-3C08-4942-B72A-1F6DAE63AAD4}.Debug|x64.Deploy.0 = Debug|x64
		{021AC54E-3C08-4942-B72A-1F6DAE63AAD4}.Debug|x86.ActiveCfg = Debug|x86
		{021AC54E-3C08-4942-B72A-1F6DAE63AAD4}.Debug|x86.Build.0 = Debug|x86
		{021AC54E-3C08-4942-B72A-1F6DAE63AAD4}.Debug|x86.Deploy.0 = Debug|x86
		{021AC54E-3C08-4942-B72A-1F6DAE63AAD4}.Release|Any CPU.ActiveCfg = Release|Any CPU
		{021AC54E-3C08-4942-B72A-1F6DAE63AAD4}.Release|Any CPU.Build.0 = Release|Any CPU
		{021AC54E-3C08-4942-B72A-1F6DAE63AAD4}.Release|Any CPU.Deploy.0 = Release|Any CPU
		{021AC54E-3C08-4942-B72A-1F6DAE63AAD4}.Release|ARM.ActiveCfg = Release|ARM
		{021AC54E-3C08-4942-B72A-1F6DAE63AAD4}.Release|ARM.Build.0 = Release|ARM
		{021AC54E-3C08-4942-B72A-1F6DAE63AAD4}.Release|ARM.Deploy.0 = Release|ARM
		{021AC54E-3C08-4942-B72A-1F6DAE63AAD4}.Release|x64.ActiveCfg = Release|x64
		{021AC54E-3C08-4942-B72A-1F6DAE63AAD4}.Release|x64.Build.0 = Release|x64
		{021AC54E-3C08-4942-B72A-1F6DAE63AAD4}.Release|x64.Deploy.0 = Release|x64
		{021AC54E-3C08-4942-B72A-1F6DAE63AAD4}.Release|x86.ActiveCfg = Release|x86
		{021AC54E-3C08-4942-B72A-1F6DAE63AAD4}.Release|x86.Build.0 = Release|x86
		{021AC54E-3C08-4942-B72A-1F6DAE63AAD4}.Release|x86.Deploy.0 = Release|x86
		{5E7059FC-5C7E-42F2-BFF0-A014EBE84B95}.Debug|Any CPU.ActiveCfg = Debug|Any CPU
		{5E7059FC-5C7E-42F2-BFF0-A014EBE84B95}.Debug|Any CPU.Build.0 = Debug|Any CPU
		{5E7059FC-5C7E-42F2-BFF0-A014EBE84B95}.Debug|Any CPU.Deploy.0 = Debug|Any CPU
		{5E7059FC-5C7E-42F2-BFF0-A014EBE84B95}.Debug|ARM.ActiveCfg = Debug|ARM
		{5E7059FC-5C7E-42F2-BFF0-A014EBE84B95}.Debug|ARM.Build.0 = Debug|ARM
		{5E7059FC-5C7E-42F2-BFF0-A014EBE84B95}.Debug|ARM.Deploy.0 = Debug|ARM
		{5E7059FC-5C7E-42F2-BFF0-A014EBE84B95}.Debug|x64.ActiveCfg = Debug|Any CPU
		{5E7059FC-5C7E-42F2-BFF0-A014EBE84B95}.Debug|x86.ActiveCfg = Debug|x86
		{5E7059FC-5C7E-42F2-BFF0-A014EBE84B95}.Debug|x86.Build.0 = Debug|x86
		{5E7059FC-5C7E-42F2-BFF0-A014EBE84B95}.Debug|x86.Deploy.0 = Debug|x86
		{5E7059FC-5C7E-42F2-BFF0-A014EBE84B95}.Release|Any CPU.ActiveCfg = Release|Any CPU
		{5E7059FC-5C7E-42F2-BFF0-A014EBE84B95}.Release|Any CPU.Build.0 = Release|Any CPU
		{5E7059FC-5C7E-42F2-BFF0-A014EBE84B95}.Release|Any CPU.Deploy.0 = Release|Any CPU
		{5E7059FC-5C7E-42F2-BFF0-A014EBE84B95}.Release|ARM.ActiveCfg = Release|ARM
		{5E7059FC-5C7E-42F2-BFF0-A014EBE84B95}.Release|ARM.Build.0 = Release|ARM
		{5E7059FC-5C7E-42F2-BFF0-A014EBE84B95}.Release|ARM.Deploy.0 = Release|ARM
		{5E7059FC-5C7E-42F2-BFF0-A014EBE84B95}.Release|x64.ActiveCfg = Release|Any CPU
		{5E7059FC-5C7E-42F2-BFF0-A014EBE84B95}.Release|x86.ActiveCfg = Release|x86
		{5E7059FC-5C7E-42F2-BFF0-A014EBE84B95}.Release|x86.Build.0 = Release|x86
		{5E7059FC-5C7E-42F2-BFF0-A014EBE84B95}.Release|x86.Deploy.0 = Release|x86
		{2F3CEE39-4486-42E1-94C0-55BD81D3B128}.Debug|Any CPU.ActiveCfg = Debug|Any CPU
		{2F3CEE39-4486-42E1-94C0-55BD81D3B128}.Debug|Any CPU.Build.0 = Debug|Any CPU
		{2F3CEE39-4486-42E1-94C0-55BD81D3B128}.Debug|Any CPU.Deploy.0 = Debug|Any CPU
		{2F3CEE39-4486-42E1-94C0-55BD81D3B128}.Debug|ARM.ActiveCfg = Debug|ARM
		{2F3CEE39-4486-42E1-94C0-55BD81D3B128}.Debug|ARM.Build.0 = Debug|ARM
		{2F3CEE39-4486-42E1-94C0-55BD81D3B128}.Debug|ARM.Deploy.0 = Debug|ARM
		{2F3CEE39-4486-42E1-94C0-55BD81D3B128}.Debug|x64.ActiveCfg = Debug|x64
		{2F3CEE39-4486-42E1-94C0-55BD81D3B128}.Debug|x64.Build.0 = Debug|x64
		{2F3CEE39-4486-42E1-94C0-55BD81D3B128}.Debug|x64.Deploy.0 = Debug|x64
		{2F3CEE39-4486-42E1-94C0-55BD81D3B128}.Debug|x86.ActiveCfg = Debug|x86
		{2F3CEE39-4486-42E1-94C0-55BD81D3B128}.Debug|x86.Build.0 = Debug|x86
		{2F3CEE39-4486-42E1-94C0-55BD81D3B128}.Debug|x86.Deploy.0 = Debug|x86
		{2F3CEE39-4486-42E1-94C0-55BD81D3B128}.Release|Any CPU.ActiveCfg = Release|Any CPU
		{2F3CEE39-4486-42E1-94C0-55BD81D3B128}.Release|Any CPU.Build.0 = Release|Any CPU
		{2F3CEE39-4486-42E1-94C0-55BD81D3B128}.Release|Any CPU.Deploy.0 = Release|Any CPU
		{2F3CEE39-4486-42E1-94C0-55BD81D3B128}.Release|ARM.ActiveCfg = Release|ARM
		{2F3CEE39-4486-42E1-94C0-55BD81D3B128}.Release|ARM.Build.0 = Release|ARM
		{2F3CEE39-4486-42E1-94C0-55BD81D3B128}.Release|ARM.Deploy.0 = Release|ARM
		{2F3CEE39-4486-42E1-94C0-55BD81D3B128}.Release|x64.ActiveCfg = Release|x64
		{2F3CEE39-4486-42E1-94C0-55BD81D3B128}.Release|x64.Build.0 = Release|x64
		{2F3CEE39-4486-42E1-94C0-55BD81D3B128}.Release|x64.Deploy.0 = Release|x64
		{2F3CEE39-4486-42E1-94C0-55BD81D3B128}.Release|x86.ActiveCfg = Release|x86
		{2F3CEE39-4486-42E1-94C0-55BD81D3B128}.Release|x86.Build.0 = Release|x86
		{2F3CEE39-4486-42E1-94C0-55BD81D3B128}.Release|x86.Deploy.0 = Release|x86
		{78F5C3A9-BABF-4345-8903-B5355D080DFE}.Debug|Any CPU.ActiveCfg = Debug|Any CPU
		{78F5C3A9-BABF-4345-8903-B5355D080DFE}.Debug|Any CPU.Build.0 = Debug|Any CPU
		{78F5C3A9-BABF-4345-8903-B5355D080DFE}.Debug|Any CPU.Deploy.0 = Debug|Any CPU
		{78F5C3A9-BABF-4345-8903-B5355D080DFE}.Debug|ARM.ActiveCfg = Debug|ARM
		{78F5C3A9-BABF-4345-8903-B5355D080DFE}.Debug|ARM.Build.0 = Debug|ARM
		{78F5C3A9-BABF-4345-8903-B5355D080DFE}.Debug|ARM.Deploy.0 = Debug|ARM
		{78F5C3A9-BABF-4345-8903-B5355D080DFE}.Debug|x64.ActiveCfg = Debug|Any CPU
		{78F5C3A9-BABF-4345-8903-B5355D080DFE}.Debug|x86.ActiveCfg = Debug|x86
		{78F5C3A9-BABF-4345-8903-B5355D080DFE}.Debug|x86.Build.0 = Debug|x86
		{78F5C3A9-BABF-4345-8903-B5355D080DFE}.Debug|x86.Deploy.0 = Debug|x86
		{78F5C3A9-BABF-4345-8903-B5355D080DFE}.Release|Any CPU.ActiveCfg = Release|Any CPU
		{78F5C3A9-BABF-4345-8903-B5355D080DFE}.Release|Any CPU.Build.0 = Release|Any CPU
		{78F5C3A9-BABF-4345-8903-B5355D080DFE}.Release|Any CPU.Deploy.0 = Release|Any CPU
		{78F5C3A9-BABF-4345-8903-B5355D080DFE}.Release|ARM.ActiveCfg = Release|ARM
		{78F5C3A9-BABF-4345-8903-B5355D080DFE}.Release|ARM.Build.0 = Release|ARM
		{78F5C3A9-BABF-4345-8903-B5355D080DFE}.Release|ARM.Deploy.0 = Release|ARM
		{78F5C3A9-BABF-4345-8903-B5355D080DFE}.Release|x64.ActiveCfg = Release|Any CPU
		{78F5C3A9-BABF-4345-8903-B5355D080DFE}.Release|x86.ActiveCfg = Release|x86
		{78F5C3A9-BABF-4345-8903-B5355D080DFE}.Release|x86.Build.0 = Release|x86
		{78F5C3A9-BABF-4345-8903-B5355D080DFE}.Release|x86.Deploy.0 = Release|x86
		{E583EBCB-1B22-4295-A0D0-36BC0AEF1F7B}.Debug|Any CPU.ActiveCfg = Debug|Any CPU
		{E583EBCB-1B22-4295-A0D0-36BC0AEF1F7B}.Debug|Any CPU.Build.0 = Debug|Any CPU
		{E583EBCB-1B22-4295-A0D0-36BC0AEF1F7B}.Debug|Any CPU.Deploy.0 = Debug|Any CPU
		{E583EBCB-1B22-4295-A0D0-36BC0AEF1F7B}.Debug|ARM.ActiveCfg = Debug|ARM
		{E583EBCB-1B22-4295-A0D0-36BC0AEF1F7B}.Debug|ARM.Build.0 = Debug|ARM
		{E583EBCB-1B22-4295-A0D0-36BC0AEF1F7B}.Debug|ARM.Deploy.0 = Debug|ARM
		{E583EBCB-1B22-4295-A0D0-36BC0AEF1F7B}.Debug|x64.ActiveCfg = Debug|x64
		{E583EBCB-1B22-4295-A0D0-36BC0AEF1F7B}.Debug|x64.Build.0 = Debug|x64
		{E583EBCB-1B22-4295-A0D0-36BC0AEF1F7B}.Debug|x64.Deploy.0 = Debug|x64
		{E583EBCB-1B22-4295-A0D0-36BC0AEF1F7B}.Debug|x86.ActiveCfg = Debug|x86
		{E583EBCB-1B22-4295-A0D0-36BC0AEF1F7B}.Debug|x86.Build.0 = Debug|x86
		{E583EBCB-1B22-4295-A0D0-36BC0AEF1F7B}.Debug|x86.Deploy.0 = Debug|x86
		{E583EBCB-1B22-4295-A0D0-36BC0AEF1F7B}.Release|Any CPU.ActiveCfg = Release|Any CPU
		{E583EBCB-1B22-4295-A0D0-36BC0AEF1F7B}.Release|Any CPU.Build.0 = Release|Any CPU
		{E583EBCB-1B22-4295-A0D0-36BC0AEF1F7B}.Release|Any CPU.Deploy.0 = Release|Any CPU
		{E583EBCB-1B22-4295-A0D0-36BC0AEF1F7B}.Release|ARM.ActiveCfg = Release|ARM
		{E583EBCB-1B22-4295-A0D0-36BC0AEF1F7B}.Release|ARM.Build.0 = Release|ARM
		{E583EBCB-1B22-4295-A0D0-36BC0AEF1F7B}.Release|ARM.Deploy.0 = Release|ARM
		{E583EBCB-1B22-4295-A0D0-36BC0AEF1F7B}.Release|x64.ActiveCfg = Release|x64
		{E583EBCB-1B22-4295-A0D0-36BC0AEF1F7B}.Release|x64.Build.0 = Release|x64
		{E583EBCB-1B22-4295-A0D0-36BC0AEF1F7B}.Release|x64.Deploy.0 = Release|x64
		{E583EBCB-1B22-4295-A0D0-36BC0AEF1F7B}.Release|x86.ActiveCfg = Release|x86
		{E583EBCB-1B22-4295-A0D0-36BC0AEF1F7B}.Release|x86.Build.0 = Release|x86
		{E583EBCB-1B22-4295-A0D0-36BC0AEF1F7B}.Release|x86.Deploy.0 = Release|x86
		{544393D8-3665-4020-B688-D5A12F5C1E3A}.Debug|Any CPU.ActiveCfg = Debug|Any CPU
		{544393D8-3665-4020-B688-D5A12F5C1E3A}.Debug|Any CPU.Build.0 = Debug|Any CPU
		{544393D8-3665-4020-B688-D5A12F5C1E3A}.Debug|Any CPU.Deploy.0 = Debug|Any CPU
		{544393D8-3665-4020-B688-D5A12F5C1E3A}.Debug|ARM.ActiveCfg = Debug|ARM
		{544393D8-3665-4020-B688-D5A12F5C1E3A}.Debug|ARM.Build.0 = Debug|ARM
		{544393D8-3665-4020-B688-D5A12F5C1E3A}.Debug|ARM.Deploy.0 = Debug|ARM
		{544393D8-3665-4020-B688-D5A12F5C1E3A}.Debug|x64.ActiveCfg = Debug|Any CPU
		{544393D8-3665-4020-B688-D5A12F5C1E3A}.Debug|x86.ActiveCfg = Debug|x86
		{544393D8-3665-4020-B688-D5A12F5C1E3A}.Debug|x86.Build.0 = Debug|x86
		{544393D8-3665-4020-B688-D5A12F5C1E3A}.Debug|x86.Deploy.0 = Debug|x86
		{544393D8-3665-4020-B688-D5A12F5C1E3A}.Release|Any CPU.ActiveCfg = Release|Any CPU
		{544393D8-3665-4020-B688-D5A12F5C1E3A}.Release|Any CPU.Build.0 = Release|Any CPU
		{544393D8-3665-4020-B688-D5A12F5C1E3A}.Release|Any CPU.Deploy.0 = Release|Any CPU
		{544393D8-3665-4020-B688-D5A12F5C1E3A}.Release|ARM.ActiveCfg = Release|ARM
		{544393D8-3665-4020-B688-D5A12F5C1E3A}.Release|ARM.Build.0 = Release|ARM
		{544393D8-3665-4020-B688-D5A12F5C1E3A}.Release|ARM.Deploy.0 = Release|ARM
		{544393D8-3665-4020-B688-D5A12F5C1E3A}.Release|x64.ActiveCfg = Release|Any CPU
		{544393D8-3665-4020-B688-D5A12F5C1E3A}.Release|x86.ActiveCfg = Release|x86
		{544393D8-3665-4020-B688-D5A12F5C1E3A}.Release|x86.Build.0 = Release|x86
		{544393D8-3665-4020-B688-D5A12F5C1E3A}.Release|x86.Deploy.0 = Release|x86
		{E31C8EAE-71B8-42F7-98B6-5E26A8E8979D}.Debug|Any CPU.ActiveCfg = Debug|Any CPU
		{E31C8EAE-71B8-42F7-98B6-5E26A8E8979D}.Debug|Any CPU.Build.0 = Debug|Any CPU
		{E31C8EAE-71B8-42F7-98B6-5E26A8E8979D}.Debug|Any CPU.Deploy.0 = Debug|Any CPU
		{E31C8EAE-71B8-42F7-98B6-5E26A8E8979D}.Debug|ARM.ActiveCfg = Debug|ARM
		{E31C8EAE-71B8-42F7-98B6-5E26A8E8979D}.Debug|ARM.Build.0 = Debug|ARM
		{E31C8EAE-71B8-42F7-98B6-5E26A8E8979D}.Debug|ARM.Deploy.0 = Debug|ARM
		{E31C8EAE-71B8-42F7-98B6-5E26A8E8979D}.Debug|x64.ActiveCfg = Debug|x64
		{E31C8EAE-71B8-42F7-98B6-5E26A8E8979D}.Debug|x64.Build.0 = Debug|x64
		{E31C8EAE-71B8-42F7-98B6-5E26A8E8979D}.Debug|x64.Deploy.0 = Debug|x64
		{E31C8EAE-71B8-42F7-98B6-5E26A8E8979D}.Debug|x86.ActiveCfg = Debug|x86
		{E31C8EAE-71B8-42F7-98B6-5E26A8E8979D}.Debug|x86.Build.0 = Debug|x86
		{E31C8EAE-71B8-42F7-98B6-5E26A8E8979D}.Debug|x86.Deploy.0 = Debug|x86
		{E31C8EAE-71B8-42F7-98B6-5E26A8E8979D}.Release|Any CPU.ActiveCfg = Release|Any CPU
		{E31C8EAE-71B8-42F7-98B6-5E26A8E8979D}.Release|Any CPU.Build.0 = Release|Any CPU
		{E31C8EAE-71B8-42F7-98B6-5E26A8E8979D}.Release|Any CPU.Deploy.0 = Release|Any CPU
		{E31C8EAE-71B8-42F7-98B6-5E26A8E8979D}.Release|ARM.ActiveCfg = Release|ARM
		{E31C8EAE-71B8-42F7-98B6-5E26A8E8979D}.Release|ARM.Build.0 = Release|ARM
		{E31C8EAE-71B8-42F7-98B6-5E26A8E8979D}.Release|ARM.Deploy.0 = Release|ARM
		{E31C8EAE-71B8-42F7-98B6-5E26A8E8979D}.Release|x64.ActiveCfg = Release|x64
		{E31C8EAE-71B8-42F7-98B6-5E26A8E8979D}.Release|x64.Build.0 = Release|x64
		{E31C8EAE-71B8-42F7-98B6-5E26A8E8979D}.Release|x64.Deploy.0 = Release|x64
		{E31C8EAE-71B8-42F7-98B6-5E26A8E8979D}.Release|x86.ActiveCfg = Release|x86
		{E31C8EAE-71B8-42F7-98B6-5E26A8E8979D}.Release|x86.Build.0 = Release|x86
		{E31C8EAE-71B8-42F7-98B6-5E26A8E8979D}.Release|x86.Deploy.0 = Release|x86
		{73724007-1D33-4AD6-8973-9B460F2E77BC}.Debug|Any CPU.ActiveCfg = Debug|Any CPU
		{73724007-1D33-4AD6-8973-9B460F2E77BC}.Debug|Any CPU.Build.0 = Debug|Any CPU
		{73724007-1D33-4AD6-8973-9B460F2E77BC}.Debug|Any CPU.Deploy.0 = Debug|Any CPU
		{73724007-1D33-4AD6-8973-9B460F2E77BC}.Debug|ARM.ActiveCfg = Debug|ARM
		{73724007-1D33-4AD6-8973-9B460F2E77BC}.Debug|ARM.Build.0 = Debug|ARM
		{73724007-1D33-4AD6-8973-9B460F2E77BC}.Debug|ARM.Deploy.0 = Debug|ARM
		{73724007-1D33-4AD6-8973-9B460F2E77BC}.Debug|x64.ActiveCfg = Debug|Any CPU
		{73724007-1D33-4AD6-8973-9B460F2E77BC}.Debug|x86.ActiveCfg = Debug|x86
		{73724007-1D33-4AD6-8973-9B460F2E77BC}.Debug|x86.Build.0 = Debug|x86
		{73724007-1D33-4AD6-8973-9B460F2E77BC}.Debug|x86.Deploy.0 = Debug|x86
		{73724007-1D33-4AD6-8973-9B460F2E77BC}.Release|Any CPU.ActiveCfg = Release|Any CPU
		{73724007-1D33-4AD6-8973-9B460F2E77BC}.Release|Any CPU.Build.0 = Release|Any CPU
		{73724007-1D33-4AD6-8973-9B460F2E77BC}.Release|Any CPU.Deploy.0 = Release|Any CPU
		{73724007-1D33-4AD6-8973-9B460F2E77BC}.Release|ARM.ActiveCfg = Release|ARM
		{73724007-1D33-4AD6-8973-9B460F2E77BC}.Release|ARM.Build.0 = Release|ARM
		{73724007-1D33-4AD6-8973-9B460F2E77BC}.Release|ARM.Deploy.0 = Release|ARM
		{73724007-1D33-4AD6-8973-9B460F2E77BC}.Release|x64.ActiveCfg = Release|Any CPU
		{73724007-1D33-4AD6-8973-9B460F2E77BC}.Release|x86.ActiveCfg = Release|x86
		{73724007-1D33-4AD6-8973-9B460F2E77BC}.Release|x86.Build.0 = Release|x86
		{73724007-1D33-4AD6-8973-9B460F2E77BC}.Release|x86.Deploy.0 = Release|x86
		{69828E60-87B6-47A4-86D2-7DC961689164}.Debug|Any CPU.ActiveCfg = Debug|Any CPU
		{69828E60-87B6-47A4-86D2-7DC961689164}.Debug|Any CPU.Build.0 = Debug|Any CPU
		{69828E60-87B6-47A4-86D2-7DC961689164}.Debug|Any CPU.Deploy.0 = Debug|Any CPU
		{69828E60-87B6-47A4-86D2-7DC961689164}.Debug|ARM.ActiveCfg = Debug|ARM
		{69828E60-87B6-47A4-86D2-7DC961689164}.Debug|ARM.Build.0 = Debug|ARM
		{69828E60-87B6-47A4-86D2-7DC961689164}.Debug|ARM.Deploy.0 = Debug|ARM
		{69828E60-87B6-47A4-86D2-7DC961689164}.Debug|x64.ActiveCfg = Debug|x64
		{69828E60-87B6-47A4-86D2-7DC961689164}.Debug|x64.Build.0 = Debug|x64
		{69828E60-87B6-47A4-86D2-7DC961689164}.Debug|x64.Deploy.0 = Debug|x64
		{69828E60-87B6-47A4-86D2-7DC961689164}.Debug|x86.ActiveCfg = Debug|x86
		{69828E60-87B6-47A4-86D2-7DC961689164}.Debug|x86.Build.0 = Debug|x86
		{69828E60-87B6-47A4-86D2-7DC961689164}.Debug|x86.Deploy.0 = Debug|x86
		{69828E60-87B6-47A4-86D2-7DC961689164}.Release|Any CPU.ActiveCfg = Release|Any CPU
		{69828E60-87B6-47A4-86D2-7DC961689164}.Release|Any CPU.Build.0 = Release|Any CPU
		{69828E60-87B6-47A4-86D2-7DC961689164}.Release|Any CPU.Deploy.0 = Release|Any CPU
		{69828E60-87B6-47A4-86D2-7DC961689164}.Release|ARM.ActiveCfg = Release|ARM
		{69828E60-87B6-47A4-86D2-7DC961689164}.Release|ARM.Build.0 = Release|ARM
		{69828E60-87B6-47A4-86D2-7DC961689164}.Release|ARM.Deploy.0 = Release|ARM
		{69828E60-87B6-47A4-86D2-7DC961689164}.Release|x64.ActiveCfg = Release|x64
		{69828E60-87B6-47A4-86D2-7DC961689164}.Release|x64.Build.0 = Release|x64
		{69828E60-87B6-47A4-86D2-7DC961689164}.Release|x64.Deploy.0 = Release|x64
		{69828E60-87B6-47A4-86D2-7DC961689164}.Release|x86.ActiveCfg = Release|x86
		{69828E60-87B6-47A4-86D2-7DC961689164}.Release|x86.Build.0 = Release|x86
		{69828E60-87B6-47A4-86D2-7DC961689164}.Release|x86.Deploy.0 = Release|x86
		{CD65E057-79CE-4E65-B24E-1409B0813472}.Debug|Any CPU.ActiveCfg = Debug|Any CPU
		{CD65E057-79CE-4E65-B24E-1409B0813472}.Debug|Any CPU.Build.0 = Debug|Any CPU
		{CD65E057-79CE-4E65-B24E-1409B0813472}.Debug|Any CPU.Deploy.0 = Debug|Any CPU
		{CD65E057-79CE-4E65-B24E-1409B0813472}.Debug|ARM.ActiveCfg = Debug|ARM
		{CD65E057-79CE-4E65-B24E-1409B0813472}.Debug|ARM.Build.0 = Debug|ARM
		{CD65E057-79CE-4E65-B24E-1409B0813472}.Debug|ARM.Deploy.0 = Debug|ARM
		{CD65E057-79CE-4E65-B24E-1409B0813472}.Debug|x64.ActiveCfg = Debug|Any CPU
		{CD65E057-79CE-4E65-B24E-1409B0813472}.Debug|x86.ActiveCfg = Debug|x86
		{CD65E057-79CE-4E65-B24E-1409B0813472}.Debug|x86.Build.0 = Debug|x86
		{CD65E057-79CE-4E65-B24E-1409B0813472}.Debug|x86.Deploy.0 = Debug|x86
		{CD65E057-79CE-4E65-B24E-1409B0813472}.Release|Any CPU.ActiveCfg = Release|Any CPU
		{CD65E057-79CE-4E65-B24E-1409B0813472}.Release|Any CPU.Build.0 = Release|Any CPU
		{CD65E057-79CE-4E65-B24E-1409B0813472}.Release|Any CPU.Deploy.0 = Release|Any CPU
		{CD65E057-79CE-4E65-B24E-1409B0813472}.Release|ARM.ActiveCfg = Release|ARM
		{CD65E057-79CE-4E65-B24E-1409B0813472}.Release|ARM.Build.0 = Release|ARM
		{CD65E057-79CE-4E65-B24E-1409B0813472}.Release|ARM.Deploy.0 = Release|ARM
		{CD65E057-79CE-4E65-B24E-1409B0813472}.Release|x64.ActiveCfg = Release|Any CPU
		{CD65E057-79CE-4E65-B24E-1409B0813472}.Release|x86.ActiveCfg = Release|x86
		{CD65E057-79CE-4E65-B24E-1409B0813472}.Release|x86.Build.0 = Release|x86
		{CD65E057-79CE-4E65-B24E-1409B0813472}.Release|x86.Deploy.0 = Release|x86
	EndGlobalSection
	GlobalSection(SolutionProperties) = preSolution
		HideSolutionNode = FALSE
	EndGlobalSection
	GlobalSection(NestedProjects) = preSolution
		{58C30D8A-C1C6-4B40-884F-D53EEC498032} = {04A8AB9C-3822-4FAF-AFD0-46456CF366DA}
		{021AC54E-3C08-4942-B72A-1F6DAE63AAD4} = {04A8AB9C-3822-4FAF-AFD0-46456CF366DA}
		{5E7059FC-5C7E-42F2-BFF0-A014EBE84B95} = {04A8AB9C-3822-4FAF-AFD0-46456CF366DA}
		{791E1D44-5256-4CDA-B63E-BD47346CC29F} = {B265207E-58AB-47A1-9FB5-8FA0F16C1E1F}
		{2F3CEE39-4486-42E1-94C0-55BD81D3B128} = {B265207E-58AB-47A1-9FB5-8FA0F16C1E1F}
		{78F5C3A9-BABF-4345-8903-B5355D080DFE} = {B265207E-58AB-47A1-9FB5-8FA0F16C1E1F}
		{AC136AE7-7DC7-44D5-9821-2669941F50C0} = {B2ED88E7-4BFA-4C73-95F3-A86086D22B9A}
		{69284F19-E5E0-41B9-A25E-41AB4700E078} = {AC136AE7-7DC7-44D5-9821-2669941F50C0}
		{E583EBCB-1B22-4295-A0D0-36BC0AEF1F7B} = {AC136AE7-7DC7-44D5-9821-2669941F50C0}
		{544393D8-3665-4020-B688-D5A12F5C1E3A} = {AC136AE7-7DC7-44D5-9821-2669941F50C0}
		{B6A06C24-ABC0-4ED8-9E8E-7A4056F8F38A} = {08311A0A-6599-4A4B-B259-4232F1F2F7E3}
		{B44B45B3-DA1F-471A-A958-2E4D310739DB} = {B6A06C24-ABC0-4ED8-9E8E-7A4056F8F38A}
		{E31C8EAE-71B8-42F7-98B6-5E26A8E8979D} = {B6A06C24-ABC0-4ED8-9E8E-7A4056F8F38A}
		{73724007-1D33-4AD6-8973-9B460F2E77BC} = {B6A06C24-ABC0-4ED8-9E8E-7A4056F8F38A}
		{C277E5C2-FE5E-439B-9B02-07C75C77EFC3} = {4A5B29D1-DFF8-4B19-A9FE-0F9B2A5D533F}
		{09E6503B-7DA5-413D-ADA4-BFBD63F7ED11} = {C277E5C2-FE5E-439B-9B02-07C75C77EFC3}
		{69828E60-87B6-47A4-86D2-7DC961689164} = {C277E5C2-FE5E-439B-9B02-07C75C77EFC3}
		{CD65E057-79CE-4E65-B24E-1409B0813472} = {C277E5C2-FE5E-439B-9B02-07C75C77EFC3}
	EndGlobalSection
EndGlobal
